// !$*UTF8*$!
{
	archiveVersion = 1;
	classes = {
	};
	objectVersion = 51;
	objects = {

/* Begin PBXBuildFile section */
		073C5716183B1C6F28E8D658 /* Pods_ReferralPleaseTests.framework in Frameworks */ = {isa = PBXBuildFile; fileRef = FCD54E3AD79483784B0A1295 /* Pods_ReferralPleaseTests.framework */; };
		1A8524E425E6279000CBE9B9 /* LinkedInEmailModel.swift in Sources */ = {isa = PBXBuildFile; fileRef = 1A8524E325E6279000CBE9B9 /* LinkedInEmailModel.swift */; };
		1A8524E925E627B400CBE9B9 /* LinkedInProfileModel.swift in Sources */ = {isa = PBXBuildFile; fileRef = 1A8524E825E627B400CBE9B9 /* LinkedInProfileModel.swift */; };
		1A8524F325E6292C00CBE9B9 /* Constants.swift in Sources */ = {isa = PBXBuildFile; fileRef = 1A8524F225E6292C00CBE9B9 /* Constants.swift */; };
		1AC3B2F825E31A87006411C9 /* CreateAccountViewController.swift in Sources */ = {isa = PBXBuildFile; fileRef = 1AC3B2F725E31A87006411C9 /* CreateAccountViewController.swift */; };
		2017645725F2206300E6900B /* MatchingViewController.swift in Sources */ = {isa = PBXBuildFile; fileRef = 2017645625F2206300E6900B /* MatchingViewController.swift */; };
		20176E5E25F0E71D00075ED8 /* QuestionaresViewController.swift in Sources */ = {isa = PBXBuildFile; fileRef = 20176E5D25F0E71D00075ED8 /* QuestionaresViewController.swift */; };
		204F4AFF25EA419B00366312 /* MainTabController.swift in Sources */ = {isa = PBXBuildFile; fileRef = 204F4AFE25EA419B00366312 /* MainTabController.swift */; };
		204F4B0425EA572200366312 /* SettingsViewController.swift in Sources */ = {isa = PBXBuildFile; fileRef = 204F4B0325EA572200366312 /* SettingsViewController.swift */; };
		20CBE01425E7764800E03DD2 /* TableViewCell.swift in Sources */ = {isa = PBXBuildFile; fileRef = 20CBE01325E7764800E03DD2 /* TableViewCell.swift */; };
		20CBE01925E7788A00E03DD2 /* HomePageViewController.swift in Sources */ = {isa = PBXBuildFile; fileRef = 20CBE01825E7788A00E03DD2 /* HomePageViewController.swift */; };
		20CBE01E25E7933400E03DD2 /* ProfilePageViewController.swift in Sources */ = {isa = PBXBuildFile; fileRef = 20CBE01D25E7933400E03DD2 /* ProfilePageViewController.swift */; };
		3017246B59ED0915173B5D92 /* Pods_ReferralPlease_ReferralPleaseUITests.framework in Frameworks */ = {isa = PBXBuildFile; fileRef = 021E485234D5FFE251BBB41A /* Pods_ReferralPlease_ReferralPleaseUITests.framework */; };
		5EC145B825EDDD0000748196 /* MentorRequests.swift in Sources */ = {isa = PBXBuildFile; fileRef = 5EC145B725EDDD0000748196 /* MentorRequests.swift */; };
		6DBD790C1D881E92885A6C91 /* Pods_ReferralPlease.framework in Frameworks */ = {isa = PBXBuildFile; fileRef = CFBC0D8D282DAE7CA6973C2C /* Pods_ReferralPlease.framework */; };
		CD14C74A25E565C000BCED8E /* GoogleService-Info.plist in Resources */ = {isa = PBXBuildFile; fileRef = CD14C74925E565C000BCED8E /* GoogleService-Info.plist */; };
		CD2D9CB825DF602900EA47DD /* AppDelegate.swift in Sources */ = {isa = PBXBuildFile; fileRef = CD2D9CB725DF602900EA47DD /* AppDelegate.swift */; };
		CD2D9CBA25DF602900EA47DD /* SceneDelegate.swift in Sources */ = {isa = PBXBuildFile; fileRef = CD2D9CB925DF602900EA47DD /* SceneDelegate.swift */; };
		CD2D9CBC25DF602900EA47DD /* ViewController.swift in Sources */ = {isa = PBXBuildFile; fileRef = CD2D9CBB25DF602900EA47DD /* ViewController.swift */; };
		CD2D9CBF25DF602900EA47DD /* Main.storyboard in Resources */ = {isa = PBXBuildFile; fileRef = CD2D9CBD25DF602900EA47DD /* Main.storyboard */; };
		CD2D9CC125DF602B00EA47DD /* Assets.xcassets in Resources */ = {isa = PBXBuildFile; fileRef = CD2D9CC025DF602B00EA47DD /* Assets.xcassets */; };
		CD2D9CC425DF602B00EA47DD /* LaunchScreen.storyboard in Resources */ = {isa = PBXBuildFile; fileRef = CD2D9CC225DF602B00EA47DD /* LaunchScreen.storyboard */; };
		CD2D9CCF25DF602B00EA47DD /* ReferralPleaseTests.swift in Sources */ = {isa = PBXBuildFile; fileRef = CD2D9CCE25DF602B00EA47DD /* ReferralPleaseTests.swift */; };
		CD2D9CDA25DF602C00EA47DD /* ReferralPleaseUITests.swift in Sources */ = {isa = PBXBuildFile; fileRef = CD2D9CD925DF602C00EA47DD /* ReferralPleaseUITests.swift */; };
		CD745D4725ECBDFE002FC3D8 /* LinkedInOAuth.swift in Sources */ = {isa = PBXBuildFile; fileRef = CD745D4625ECBDFE002FC3D8 /* LinkedInOAuth.swift */; };
		CD745D4C25ECC57E002FC3D8 /* User.swift in Sources */ = {isa = PBXBuildFile; fileRef = CD745D4B25ECC57E002FC3D8 /* User.swift */; };
		CD745D5725ED6954002FC3D8 /* Storage.swift in Sources */ = {isa = PBXBuildFile; fileRef = CD745D5625ED6954002FC3D8 /* Storage.swift */; };
		CD7DC2FD25EA1E1700C19F15 /* FirstTimeLoginViewController.swift in Sources */ = {isa = PBXBuildFile; fileRef = CD7DC2FC25EA1E1700C19F15 /* FirstTimeLoginViewController.swift */; };
		CDE268F925F5CCF500C99E73 /* AboutMenteeViewController.swift in Sources */ = {isa = PBXBuildFile; fileRef = CDE268F825F5CCF500C99E73 /* AboutMenteeViewController.swift */; };
/* End PBXBuildFile section */

/* Begin PBXContainerItemProxy section */
		CD2D9CCB25DF602B00EA47DD /* PBXContainerItemProxy */ = {
			isa = PBXContainerItemProxy;
			containerPortal = CD2D9CAC25DF602900EA47DD /* Project object */;
			proxyType = 1;
			remoteGlobalIDString = CD2D9CB325DF602900EA47DD;
			remoteInfo = ReferralPlease;
		};
		CD2D9CD625DF602C00EA47DD /* PBXContainerItemProxy */ = {
			isa = PBXContainerItemProxy;
			containerPortal = CD2D9CAC25DF602900EA47DD /* Project object */;
			proxyType = 1;
			remoteGlobalIDString = CD2D9CB325DF602900EA47DD;
			remoteInfo = ReferralPlease;
		};
/* End PBXContainerItemProxy section */

/* Begin PBXFileReference section */
		021E485234D5FFE251BBB41A /* Pods_ReferralPlease_ReferralPleaseUITests.framework */ = {isa = PBXFileReference; explicitFileType = wrapper.framework; includeInIndex = 0; path = Pods_ReferralPlease_ReferralPleaseUITests.framework; sourceTree = BUILT_PRODUCTS_DIR; };
		0765BA301717989221C5250C /* Pods-ReferralPlease.debug.xcconfig */ = {isa = PBXFileReference; includeInIndex = 1; lastKnownFileType = text.xcconfig; name = "Pods-ReferralPlease.debug.xcconfig"; path = "Target Support Files/Pods-ReferralPlease/Pods-ReferralPlease.debug.xcconfig"; sourceTree = "<group>"; };
		1A8524E325E6279000CBE9B9 /* LinkedInEmailModel.swift */ = {isa = PBXFileReference; lastKnownFileType = sourcecode.swift; path = LinkedInEmailModel.swift; sourceTree = "<group>"; };
		1A8524E825E627B400CBE9B9 /* LinkedInProfileModel.swift */ = {isa = PBXFileReference; lastKnownFileType = sourcecode.swift; path = LinkedInProfileModel.swift; sourceTree = "<group>"; };
		1A8524F225E6292C00CBE9B9 /* Constants.swift */ = {isa = PBXFileReference; lastKnownFileType = sourcecode.swift; path = Constants.swift; sourceTree = "<group>"; };
		1AC3B2F725E31A87006411C9 /* CreateAccountViewController.swift */ = {isa = PBXFileReference; lastKnownFileType = sourcecode.swift; path = CreateAccountViewController.swift; sourceTree = "<group>"; };
		2017645625F2206300E6900B /* MatchingViewController.swift */ = {isa = PBXFileReference; lastKnownFileType = sourcecode.swift; path = MatchingViewController.swift; sourceTree = "<group>"; };
		20176E5D25F0E71D00075ED8 /* QuestionaresViewController.swift */ = {isa = PBXFileReference; lastKnownFileType = sourcecode.swift; path = QuestionaresViewController.swift; sourceTree = "<group>"; };
		204F4AFE25EA419B00366312 /* MainTabController.swift */ = {isa = PBXFileReference; lastKnownFileType = sourcecode.swift; path = MainTabController.swift; sourceTree = "<group>"; };
		204F4B0325EA572200366312 /* SettingsViewController.swift */ = {isa = PBXFileReference; lastKnownFileType = sourcecode.swift; path = SettingsViewController.swift; sourceTree = "<group>"; };
		20CBE01325E7764800E03DD2 /* TableViewCell.swift */ = {isa = PBXFileReference; lastKnownFileType = sourcecode.swift; path = TableViewCell.swift; sourceTree = "<group>"; };
		20CBE01825E7788A00E03DD2 /* HomePageViewController.swift */ = {isa = PBXFileReference; lastKnownFileType = sourcecode.swift; path = HomePageViewController.swift; sourceTree = "<group>"; };
		20CBE01D25E7933400E03DD2 /* ProfilePageViewController.swift */ = {isa = PBXFileReference; lastKnownFileType = sourcecode.swift; path = ProfilePageViewController.swift; sourceTree = "<group>"; };
		2C498E71FBAF3F4D5FB46C9D /* Pods-ReferralPlease-ReferralPleaseUITests.debug.xcconfig */ = {isa = PBXFileReference; includeInIndex = 1; lastKnownFileType = text.xcconfig; name = "Pods-ReferralPlease-ReferralPleaseUITests.debug.xcconfig"; path = "Target Support Files/Pods-ReferralPlease-ReferralPleaseUITests/Pods-ReferralPlease-ReferralPleaseUITests.debug.xcconfig"; sourceTree = "<group>"; };
		5EC145B725EDDD0000748196 /* MentorRequests.swift */ = {isa = PBXFileReference; lastKnownFileType = sourcecode.swift; path = MentorRequests.swift; sourceTree = "<group>"; };
		9E7FFD24501C1769A8B559B7 /* Pods-ReferralPleaseTests.debug.xcconfig */ = {isa = PBXFileReference; includeInIndex = 1; lastKnownFileType = text.xcconfig; name = "Pods-ReferralPleaseTests.debug.xcconfig"; path = "Target Support Files/Pods-ReferralPleaseTests/Pods-ReferralPleaseTests.debug.xcconfig"; sourceTree = "<group>"; };
		A70AFC13D4B37CE6D9D0A24D /* Pods-ReferralPleaseTests.release.xcconfig */ = {isa = PBXFileReference; includeInIndex = 1; lastKnownFileType = text.xcconfig; name = "Pods-ReferralPleaseTests.release.xcconfig"; path = "Target Support Files/Pods-ReferralPleaseTests/Pods-ReferralPleaseTests.release.xcconfig"; sourceTree = "<group>"; };
		BC5AD4AAF0AB755BF8B2EA77 /* Pods-ReferralPlease.release.xcconfig */ = {isa = PBXFileReference; includeInIndex = 1; lastKnownFileType = text.xcconfig; name = "Pods-ReferralPlease.release.xcconfig"; path = "Target Support Files/Pods-ReferralPlease/Pods-ReferralPlease.release.xcconfig"; sourceTree = "<group>"; };
		CD14C74925E565C000BCED8E /* GoogleService-Info.plist */ = {isa = PBXFileReference; fileEncoding = 4; lastKnownFileType = text.plist.xml; path = "GoogleService-Info.plist"; sourceTree = "<group>"; };
		CD2D9CB425DF602900EA47DD /* ReferralPlease.app */ = {isa = PBXFileReference; explicitFileType = wrapper.application; includeInIndex = 0; path = ReferralPlease.app; sourceTree = BUILT_PRODUCTS_DIR; };
		CD2D9CB725DF602900EA47DD /* AppDelegate.swift */ = {isa = PBXFileReference; lastKnownFileType = sourcecode.swift; path = AppDelegate.swift; sourceTree = "<group>"; };
		CD2D9CB925DF602900EA47DD /* SceneDelegate.swift */ = {isa = PBXFileReference; lastKnownFileType = sourcecode.swift; path = SceneDelegate.swift; sourceTree = "<group>"; };
		CD2D9CBB25DF602900EA47DD /* ViewController.swift */ = {isa = PBXFileReference; lastKnownFileType = sourcecode.swift; path = ViewController.swift; sourceTree = "<group>"; };
		CD2D9CBE25DF602900EA47DD /* Base */ = {isa = PBXFileReference; lastKnownFileType = file.storyboard; name = Base; path = Base.lproj/Main.storyboard; sourceTree = "<group>"; };
		CD2D9CC025DF602B00EA47DD /* Assets.xcassets */ = {isa = PBXFileReference; lastKnownFileType = folder.assetcatalog; path = Assets.xcassets; sourceTree = "<group>"; };
		CD2D9CC325DF602B00EA47DD /* Base */ = {isa = PBXFileReference; lastKnownFileType = file.storyboard; name = Base; path = Base.lproj/LaunchScreen.storyboard; sourceTree = "<group>"; };
		CD2D9CC525DF602B00EA47DD /* Info.plist */ = {isa = PBXFileReference; lastKnownFileType = text.plist.xml; path = Info.plist; sourceTree = "<group>"; };
		CD2D9CCA25DF602B00EA47DD /* ReferralPleaseTests.xctest */ = {isa = PBXFileReference; explicitFileType = wrapper.cfbundle; includeInIndex = 0; path = ReferralPleaseTests.xctest; sourceTree = BUILT_PRODUCTS_DIR; };
		CD2D9CCE25DF602B00EA47DD /* ReferralPleaseTests.swift */ = {isa = PBXFileReference; lastKnownFileType = sourcecode.swift; path = ReferralPleaseTests.swift; sourceTree = "<group>"; };
		CD2D9CD025DF602B00EA47DD /* Info.plist */ = {isa = PBXFileReference; lastKnownFileType = text.plist.xml; path = Info.plist; sourceTree = "<group>"; };
		CD2D9CD525DF602C00EA47DD /* ReferralPleaseUITests.xctest */ = {isa = PBXFileReference; explicitFileType = wrapper.cfbundle; includeInIndex = 0; path = ReferralPleaseUITests.xctest; sourceTree = BUILT_PRODUCTS_DIR; };
		CD2D9CD925DF602C00EA47DD /* ReferralPleaseUITests.swift */ = {isa = PBXFileReference; lastKnownFileType = sourcecode.swift; path = ReferralPleaseUITests.swift; sourceTree = "<group>"; };
		CD2D9CDB25DF602C00EA47DD /* Info.plist */ = {isa = PBXFileReference; lastKnownFileType = text.plist.xml; path = Info.plist; sourceTree = "<group>"; };
		CD745D4625ECBDFE002FC3D8 /* LinkedInOAuth.swift */ = {isa = PBXFileReference; lastKnownFileType = sourcecode.swift; path = LinkedInOAuth.swift; sourceTree = "<group>"; };
		CD745D4B25ECC57E002FC3D8 /* User.swift */ = {isa = PBXFileReference; lastKnownFileType = sourcecode.swift; path = User.swift; sourceTree = "<group>"; };
		CD745D5625ED6954002FC3D8 /* Storage.swift */ = {isa = PBXFileReference; fileEncoding = 4; lastKnownFileType = sourcecode.swift; path = Storage.swift; sourceTree = "<group>"; };
		CD7DC2FC25EA1E1700C19F15 /* FirstTimeLoginViewController.swift */ = {isa = PBXFileReference; fileEncoding = 4; lastKnownFileType = sourcecode.swift; path = FirstTimeLoginViewController.swift; sourceTree = "<group>"; };
		CDE268F825F5CCF500C99E73 /* AboutMenteeViewController.swift */ = {isa = PBXFileReference; lastKnownFileType = sourcecode.swift; path = AboutMenteeViewController.swift; sourceTree = "<group>"; };
		CFBC0D8D282DAE7CA6973C2C /* Pods_ReferralPlease.framework */ = {isa = PBXFileReference; explicitFileType = wrapper.framework; includeInIndex = 0; path = Pods_ReferralPlease.framework; sourceTree = BUILT_PRODUCTS_DIR; };
		F456E76FDA5115B7E2A6B105 /* Pods-ReferralPlease-ReferralPleaseUITests.release.xcconfig */ = {isa = PBXFileReference; includeInIndex = 1; lastKnownFileType = text.xcconfig; name = "Pods-ReferralPlease-ReferralPleaseUITests.release.xcconfig"; path = "Target Support Files/Pods-ReferralPlease-ReferralPleaseUITests/Pods-ReferralPlease-ReferralPleaseUITests.release.xcconfig"; sourceTree = "<group>"; };
		FCD54E3AD79483784B0A1295 /* Pods_ReferralPleaseTests.framework */ = {isa = PBXFileReference; explicitFileType = wrapper.framework; includeInIndex = 0; path = Pods_ReferralPleaseTests.framework; sourceTree = BUILT_PRODUCTS_DIR; };
/* End PBXFileReference section */

/* Begin PBXFrameworksBuildPhase section */
		CD2D9CB125DF602900EA47DD /* Frameworks */ = {
			isa = PBXFrameworksBuildPhase;
			buildActionMask = 2147483647;
			files = (
				6DBD790C1D881E92885A6C91 /* Pods_ReferralPlease.framework in Frameworks */,
			);
			runOnlyForDeploymentPostprocessing = 0;
		};
		CD2D9CC725DF602B00EA47DD /* Frameworks */ = {
			isa = PBXFrameworksBuildPhase;
			buildActionMask = 2147483647;
			files = (
				073C5716183B1C6F28E8D658 /* Pods_ReferralPleaseTests.framework in Frameworks */,
			);
			runOnlyForDeploymentPostprocessing = 0;
		};
		CD2D9CD225DF602B00EA47DD /* Frameworks */ = {
			isa = PBXFrameworksBuildPhase;
			buildActionMask = 2147483647;
			files = (
				3017246B59ED0915173B5D92 /* Pods_ReferralPlease_ReferralPleaseUITests.framework in Frameworks */,
			);
			runOnlyForDeploymentPostprocessing = 0;
		};
/* End PBXFrameworksBuildPhase section */

/* Begin PBXGroup section */
		1FD923CF9B83D127BF45ADBF /* Frameworks */ = {
			isa = PBXGroup;
			children = (
				CFBC0D8D282DAE7CA6973C2C /* Pods_ReferralPlease.framework */,
				FCD54E3AD79483784B0A1295 /* Pods_ReferralPleaseTests.framework */,
				021E485234D5FFE251BBB41A /* Pods_ReferralPlease_ReferralPleaseUITests.framework */,
			);
			name = Frameworks;
			sourceTree = "<group>";
		};
		75131B1778D84F0E179CA6A2 /* Pods */ = {
			isa = PBXGroup;
			children = (
				F456E76FDA5115B7E2A6B105 /* Pods-ReferralPlease-ReferralPleaseUITests.release.xcconfig */,
				0765BA301717989221C5250C /* Pods-ReferralPlease.debug.xcconfig */,
				BC5AD4AAF0AB755BF8B2EA77 /* Pods-ReferralPlease.release.xcconfig */,
				2C498E71FBAF3F4D5FB46C9D /* Pods-ReferralPlease-ReferralPleaseUITests.debug.xcconfig */,
				9E7FFD24501C1769A8B559B7 /* Pods-ReferralPleaseTests.debug.xcconfig */,
				A70AFC13D4B37CE6D9D0A24D /* Pods-ReferralPleaseTests.release.xcconfig */,
			);
			path = Pods;
			sourceTree = "<group>";
		};
		CD2D9CAB25DF602900EA47DD = {
			isa = PBXGroup;
			children = (
				CD2D9CB625DF602900EA47DD /* ReferralPlease */,
				CD2D9CCD25DF602B00EA47DD /* ReferralPleaseTests */,
				CD2D9CD825DF602C00EA47DD /* ReferralPleaseUITests */,
				CD2D9CB525DF602900EA47DD /* Products */,
				75131B1778D84F0E179CA6A2 /* Pods */,
				1FD923CF9B83D127BF45ADBF /* Frameworks */,
			);
			sourceTree = "<group>";
		};
		CD2D9CB525DF602900EA47DD /* Products */ = {
			isa = PBXGroup;
			children = (
				CD2D9CB425DF602900EA47DD /* ReferralPlease.app */,
				CD2D9CCA25DF602B00EA47DD /* ReferralPleaseTests.xctest */,
				CD2D9CD525DF602C00EA47DD /* ReferralPleaseUITests.xctest */,
			);
			name = Products;
			sourceTree = "<group>";
		};
		CD2D9CB625DF602900EA47DD /* ReferralPlease */ = {
			isa = PBXGroup;
			children = (
				CD2D9CC025DF602B00EA47DD /* Assets.xcassets */,
				CD14C74925E565C000BCED8E /* GoogleService-Info.plist */,
				CD2D9CC525DF602B00EA47DD /* Info.plist */,
				CDE6D31125F3297100D934D7 /* Utils */,
				CDE6D31025F3296300D934D7 /* Model */,
				CDE6D30F25F3293900D934D7 /* View */,
				CD2D9CB725DF602900EA47DD /* AppDelegate.swift */,
				CD2D9CB925DF602900EA47DD /* SceneDelegate.swift */,
				CD2D9CBD25DF602900EA47DD /* Main.storyboard */,
				CD2D9CC225DF602B00EA47DD /* LaunchScreen.storyboard */,
			);
			path = ReferralPlease;
			sourceTree = "<group>";
		};
		CD2D9CCD25DF602B00EA47DD /* ReferralPleaseTests */ = {
			isa = PBXGroup;
			children = (
				CD2D9CCE25DF602B00EA47DD /* ReferralPleaseTests.swift */,
				CD2D9CD025DF602B00EA47DD /* Info.plist */,
			);
			path = ReferralPleaseTests;
			sourceTree = "<group>";
		};
		CD2D9CD825DF602C00EA47DD /* ReferralPleaseUITests */ = {
			isa = PBXGroup;
			children = (
				CD2D9CD925DF602C00EA47DD /* ReferralPleaseUITests.swift */,
				CD2D9CDB25DF602C00EA47DD /* Info.plist */,
			);
			path = ReferralPleaseUITests;
			sourceTree = "<group>";
		};
		CDE6D30F25F3293900D934D7 /* View */ = {
			isa = PBXGroup;
			children = (
				1AC3B2F725E31A87006411C9 /* CreateAccountViewController.swift */,
				CD2D9CBB25DF602900EA47DD /* ViewController.swift */,
				20CBE01325E7764800E03DD2 /* TableViewCell.swift */,
				20CBE01825E7788A00E03DD2 /* HomePageViewController.swift */,
				20CBE01D25E7933400E03DD2 /* ProfilePageViewController.swift */,
				204F4AFE25EA419B00366312 /* MainTabController.swift */,
				204F4B0325EA572200366312 /* SettingsViewController.swift */,
				CD7DC2FC25EA1E1700C19F15 /* FirstTimeLoginViewController.swift */,
				20176E5D25F0E71D00075ED8 /* QuestionaresViewController.swift */,
				2017645625F2206300E6900B /* MatchingViewController.swift */,
				CDE268F825F5CCF500C99E73 /* AboutMenteeViewController.swift */,
			);
			path = View;
			sourceTree = "<group>";
		};
		CDE6D31025F3296300D934D7 /* Model */ = {
			isa = PBXGroup;
			children = (
				1A8524E325E6279000CBE9B9 /* LinkedInEmailModel.swift */,
				1A8524E825E627B400CBE9B9 /* LinkedInProfileModel.swift */,
				CD745D4B25ECC57E002FC3D8 /* User.swift */,
				5EC145B725EDDD0000748196 /* MentorRequests.swift */,
			);
			path = Model;
			sourceTree = "<group>";
		};
		CDE6D31125F3297100D934D7 /* Utils */ = {
			isa = PBXGroup;
			children = (
				CD745D5625ED6954002FC3D8 /* Storage.swift */,
				1A8524F225E6292C00CBE9B9 /* Constants.swift */,
				CD745D4625ECBDFE002FC3D8 /* LinkedInOAuth.swift */,
			);
			path = Utils;
			sourceTree = "<group>";
		};
/* End PBXGroup section */

/* Begin PBXNativeTarget section */
		CD2D9CB325DF602900EA47DD /* ReferralPlease */ = {
			isa = PBXNativeTarget;
			buildConfigurationList = CD2D9CDE25DF602C00EA47DD /* Build configuration list for PBXNativeTarget "ReferralPlease" */;
			buildPhases = (
				1DDF6BD5574D92C6239E5131 /* [CP] Check Pods Manifest.lock */,
				CD2D9CB025DF602900EA47DD /* Sources */,
				CD2D9CB125DF602900EA47DD /* Frameworks */,
				CD2D9CB225DF602900EA47DD /* Resources */,
				34F7FEA8D285EEF9349EBE16 /* [CP] Embed Pods Frameworks */,
				9178BC67E19296F492F1DB5A /* [CP] Copy Pods Resources */,
			);
			buildRules = (
			);
			dependencies = (
			);
			name = ReferralPlease;
			productName = ReferralPlease;
			productReference = CD2D9CB425DF602900EA47DD /* ReferralPlease.app */;
			productType = "com.apple.product-type.application";
		};
		CD2D9CC925DF602B00EA47DD /* ReferralPleaseTests */ = {
			isa = PBXNativeTarget;
			buildConfigurationList = CD2D9CE125DF602C00EA47DD /* Build configuration list for PBXNativeTarget "ReferralPleaseTests" */;
			buildPhases = (
				FCF2DC6340BDB9DC2CF7A644 /* [CP] Check Pods Manifest.lock */,
				CD2D9CC625DF602B00EA47DD /* Sources */,
				CD2D9CC725DF602B00EA47DD /* Frameworks */,
				CD2D9CC825DF602B00EA47DD /* Resources */,
			);
			buildRules = (
			);
			dependencies = (
				CD2D9CCC25DF602B00EA47DD /* PBXTargetDependency */,
			);
			name = ReferralPleaseTests;
			productName = ReferralPleaseTests;
			productReference = CD2D9CCA25DF602B00EA47DD /* ReferralPleaseTests.xctest */;
			productType = "com.apple.product-type.bundle.unit-test";
		};
		CD2D9CD425DF602B00EA47DD /* ReferralPleaseUITests */ = {
			isa = PBXNativeTarget;
			buildConfigurationList = CD2D9CE425DF602C00EA47DD /* Build configuration list for PBXNativeTarget "ReferralPleaseUITests" */;
			buildPhases = (
				275139A8B5B5BE4BF9DBDF2F /* [CP] Check Pods Manifest.lock */,
				CD2D9CD125DF602B00EA47DD /* Sources */,
				CD2D9CD225DF602B00EA47DD /* Frameworks */,
				CD2D9CD325DF602B00EA47DD /* Resources */,
				961516C0908A39D808507564 /* [CP] Embed Pods Frameworks */,
				BCD61C496ED71BD9958B6F56 /* [CP] Copy Pods Resources */,
			);
			buildRules = (
			);
			dependencies = (
				CD2D9CD725DF602C00EA47DD /* PBXTargetDependency */,
			);
			name = ReferralPleaseUITests;
			productName = ReferralPleaseUITests;
			productReference = CD2D9CD525DF602C00EA47DD /* ReferralPleaseUITests.xctest */;
			productType = "com.apple.product-type.bundle.ui-testing";
		};
/* End PBXNativeTarget section */

/* Begin PBXProject section */
		CD2D9CAC25DF602900EA47DD /* Project object */ = {
			isa = PBXProject;
			attributes = {
				LastSwiftUpdateCheck = 1230;
				LastUpgradeCheck = 1230;
				TargetAttributes = {
					CD2D9CB325DF602900EA47DD = {
						CreatedOnToolsVersion = 12.3;
					};
					CD2D9CC925DF602B00EA47DD = {
						CreatedOnToolsVersion = 12.3;
						TestTargetID = CD2D9CB325DF602900EA47DD;
					};
					CD2D9CD425DF602B00EA47DD = {
						CreatedOnToolsVersion = 12.3;
						TestTargetID = CD2D9CB325DF602900EA47DD;
					};
				};
			};
			buildConfigurationList = CD2D9CAF25DF602900EA47DD /* Build configuration list for PBXProject "ReferralPlease" */;
			compatibilityVersion = "Xcode 9.3";
			developmentRegion = en;
			hasScannedForEncodings = 0;
			knownRegions = (
				en,
				Base,
			);
			mainGroup = CD2D9CAB25DF602900EA47DD;
			productRefGroup = CD2D9CB525DF602900EA47DD /* Products */;
			projectDirPath = "";
			projectRoot = "";
			targets = (
				CD2D9CB325DF602900EA47DD /* ReferralPlease */,
				CD2D9CC925DF602B00EA47DD /* ReferralPleaseTests */,
				CD2D9CD425DF602B00EA47DD /* ReferralPleaseUITests */,
			);
		};
/* End PBXProject section */

/* Begin PBXResourcesBuildPhase section */
		CD2D9CB225DF602900EA47DD /* Resources */ = {
			isa = PBXResourcesBuildPhase;
			buildActionMask = 2147483647;
			files = (
				CD2D9CC425DF602B00EA47DD /* LaunchScreen.storyboard in Resources */,
				CD14C74A25E565C000BCED8E /* GoogleService-Info.plist in Resources */,
				CD2D9CC125DF602B00EA47DD /* Assets.xcassets in Resources */,
				CD2D9CBF25DF602900EA47DD /* Main.storyboard in Resources */,
			);
			runOnlyForDeploymentPostprocessing = 0;
		};
		CD2D9CC825DF602B00EA47DD /* Resources */ = {
			isa = PBXResourcesBuildPhase;
			buildActionMask = 2147483647;
			files = (
			);
			runOnlyForDeploymentPostprocessing = 0;
		};
		CD2D9CD325DF602B00EA47DD /* Resources */ = {
			isa = PBXResourcesBuildPhase;
			buildActionMask = 2147483647;
			files = (
			);
			runOnlyForDeploymentPostprocessing = 0;
		};
/* End PBXResourcesBuildPhase section */

/* Begin PBXShellScriptBuildPhase section */
		1DDF6BD5574D92C6239E5131 /* [CP] Check Pods Manifest.lock */ = {
			isa = PBXShellScriptBuildPhase;
			buildActionMask = 2147483647;
			files = (
			);
			inputFileListPaths = (
			);
			inputPaths = (
				"${PODS_PODFILE_DIR_PATH}/Podfile.lock",
				"${PODS_ROOT}/Manifest.lock",
			);
			name = "[CP] Check Pods Manifest.lock";
			outputFileListPaths = (
			);
			outputPaths = (
				"$(DERIVED_FILE_DIR)/Pods-ReferralPlease-checkManifestLockResult.txt",
			);
			runOnlyForDeploymentPostprocessing = 0;
			shellPath = /bin/sh;
			shellScript = "diff \"${PODS_PODFILE_DIR_PATH}/Podfile.lock\" \"${PODS_ROOT}/Manifest.lock\" > /dev/null\nif [ $? != 0 ] ; then\n    # print error to STDERR\n    echo \"error: The sandbox is not in sync with the Podfile.lock. Run 'pod install' or update your CocoaPods installation.\" >&2\n    exit 1\nfi\n# This output is used by Xcode 'outputs' to avoid re-running this script phase.\necho \"SUCCESS\" > \"${SCRIPT_OUTPUT_FILE_0}\"\n";
			showEnvVarsInLog = 0;
		};
		275139A8B5B5BE4BF9DBDF2F /* [CP] Check Pods Manifest.lock */ = {
			isa = PBXShellScriptBuildPhase;
			buildActionMask = 2147483647;
			files = (
			);
			inputFileListPaths = (
			);
			inputPaths = (
				"${PODS_PODFILE_DIR_PATH}/Podfile.lock",
				"${PODS_ROOT}/Manifest.lock",
			);
			name = "[CP] Check Pods Manifest.lock";
			outputFileListPaths = (
			);
			outputPaths = (
				"$(DERIVED_FILE_DIR)/Pods-ReferralPlease-ReferralPleaseUITests-checkManifestLockResult.txt",
			);
			runOnlyForDeploymentPostprocessing = 0;
			shellPath = /bin/sh;
			shellScript = "diff \"${PODS_PODFILE_DIR_PATH}/Podfile.lock\" \"${PODS_ROOT}/Manifest.lock\" > /dev/null\nif [ $? != 0 ] ; then\n    # print error to STDERR\n    echo \"error: The sandbox is not in sync with the Podfile.lock. Run 'pod install' or update your CocoaPods installation.\" >&2\n    exit 1\nfi\n# This output is used by Xcode 'outputs' to avoid re-running this script phase.\necho \"SUCCESS\" > \"${SCRIPT_OUTPUT_FILE_0}\"\n";
			showEnvVarsInLog = 0;
		};
		34F7FEA8D285EEF9349EBE16 /* [CP] Embed Pods Frameworks */ = {
			isa = PBXShellScriptBuildPhase;
			buildActionMask = 2147483647;
			files = (
			);
			inputFileListPaths = (
				"${PODS_ROOT}/Target Support Files/Pods-ReferralPlease/Pods-ReferralPlease-frameworks-${CONFIGURATION}-input-files.xcfilelist",
			);
			name = "[CP] Embed Pods Frameworks";
			outputFileListPaths = (
				"${PODS_ROOT}/Target Support Files/Pods-ReferralPlease/Pods-ReferralPlease-frameworks-${CONFIGURATION}-output-files.xcfilelist",
			);
			runOnlyForDeploymentPostprocessing = 0;
			shellPath = /bin/sh;
			shellScript = "\"${PODS_ROOT}/Target Support Files/Pods-ReferralPlease/Pods-ReferralPlease-frameworks.sh\"\n";
			showEnvVarsInLog = 0;
		};
		9178BC67E19296F492F1DB5A /* [CP] Copy Pods Resources */ = {
			isa = PBXShellScriptBuildPhase;
			buildActionMask = 2147483647;
			files = (
			);
			inputFileListPaths = (
				"${PODS_ROOT}/Target Support Files/Pods-ReferralPlease/Pods-ReferralPlease-resources-${CONFIGURATION}-input-files.xcfilelist",
			);
			name = "[CP] Copy Pods Resources";
			outputFileListPaths = (
				"${PODS_ROOT}/Target Support Files/Pods-ReferralPlease/Pods-ReferralPlease-resources-${CONFIGURATION}-output-files.xcfilelist",
			);
			runOnlyForDeploymentPostprocessing = 0;
			shellPath = /bin/sh;
			shellScript = "\"${PODS_ROOT}/Target Support Files/Pods-ReferralPlease/Pods-ReferralPlease-resources.sh\"\n";
			showEnvVarsInLog = 0;
		};
		961516C0908A39D808507564 /* [CP] Embed Pods Frameworks */ = {
			isa = PBXShellScriptBuildPhase;
			buildActionMask = 2147483647;
			files = (
			);
			inputFileListPaths = (
				"${PODS_ROOT}/Target Support Files/Pods-ReferralPlease-ReferralPleaseUITests/Pods-ReferralPlease-ReferralPleaseUITests-frameworks-${CONFIGURATION}-input-files.xcfilelist",
			);
			name = "[CP] Embed Pods Frameworks";
			outputFileListPaths = (
				"${PODS_ROOT}/Target Support Files/Pods-ReferralPlease-ReferralPleaseUITests/Pods-ReferralPlease-ReferralPleaseUITests-frameworks-${CONFIGURATION}-output-files.xcfilelist",
			);
			runOnlyForDeploymentPostprocessing = 0;
			shellPath = /bin/sh;
			shellScript = "\"${PODS_ROOT}/Target Support Files/Pods-ReferralPlease-ReferralPleaseUITests/Pods-ReferralPlease-ReferralPleaseUITests-frameworks.sh\"\n";
			showEnvVarsInLog = 0;
		};
		BCD61C496ED71BD9958B6F56 /* [CP] Copy Pods Resources */ = {
			isa = PBXShellScriptBuildPhase;
			buildActionMask = 2147483647;
			files = (
			);
			inputFileListPaths = (
				"${PODS_ROOT}/Target Support Files/Pods-ReferralPlease-ReferralPleaseUITests/Pods-ReferralPlease-ReferralPleaseUITests-resources-${CONFIGURATION}-input-files.xcfilelist",
			);
			name = "[CP] Copy Pods Resources";
			outputFileListPaths = (
				"${PODS_ROOT}/Target Support Files/Pods-ReferralPlease-ReferralPleaseUITests/Pods-ReferralPlease-ReferralPleaseUITests-resources-${CONFIGURATION}-output-files.xcfilelist",
			);
			runOnlyForDeploymentPostprocessing = 0;
			shellPath = /bin/sh;
			shellScript = "\"${PODS_ROOT}/Target Support Files/Pods-ReferralPlease-ReferralPleaseUITests/Pods-ReferralPlease-ReferralPleaseUITests-resources.sh\"\n";
			showEnvVarsInLog = 0;
		};
		FCF2DC6340BDB9DC2CF7A644 /* [CP] Check Pods Manifest.lock */ = {
			isa = PBXShellScriptBuildPhase;
			buildActionMask = 2147483647;
			files = (
			);
			inputFileListPaths = (
			);
			inputPaths = (
				"${PODS_PODFILE_DIR_PATH}/Podfile.lock",
				"${PODS_ROOT}/Manifest.lock",
			);
			name = "[CP] Check Pods Manifest.lock";
			outputFileListPaths = (
			);
			outputPaths = (
				"$(DERIVED_FILE_DIR)/Pods-ReferralPleaseTests-checkManifestLockResult.txt",
			);
			runOnlyForDeploymentPostprocessing = 0;
			shellPath = /bin/sh;
			shellScript = "diff \"${PODS_PODFILE_DIR_PATH}/Podfile.lock\" \"${PODS_ROOT}/Manifest.lock\" > /dev/null\nif [ $? != 0 ] ; then\n    # print error to STDERR\n    echo \"error: The sandbox is not in sync with the Podfile.lock. Run 'pod install' or update your CocoaPods installation.\" >&2\n    exit 1\nfi\n# This output is used by Xcode 'outputs' to avoid re-running this script phase.\necho \"SUCCESS\" > \"${SCRIPT_OUTPUT_FILE_0}\"\n";
			showEnvVarsInLog = 0;
		};
/* End PBXShellScriptBuildPhase section */

/* Begin PBXSourcesBuildPhase section */
		CD2D9CB025DF602900EA47DD /* Sources */ = {
			isa = PBXSourcesBuildPhase;
			buildActionMask = 2147483647;
			files = (
				1A8524E425E6279000CBE9B9 /* LinkedInEmailModel.swift in Sources */,
				20CBE01425E7764800E03DD2 /* TableViewCell.swift in Sources */,
				204F4AFF25EA419B00366312 /* MainTabController.swift in Sources */,
				5EC145B825EDDD0000748196 /* MentorRequests.swift in Sources */,
				CD745D4725ECBDFE002FC3D8 /* LinkedInOAuth.swift in Sources */,
				20CBE01925E7788A00E03DD2 /* HomePageViewController.swift in Sources */,
				1AC3B2F825E31A87006411C9 /* CreateAccountViewController.swift in Sources */,
				20176E5E25F0E71D00075ED8 /* QuestionaresViewController.swift in Sources */,
				CD745D5725ED6954002FC3D8 /* Storage.swift in Sources */,
				2017645725F2206300E6900B /* MatchingViewController.swift in Sources */,
				CD7DC2FD25EA1E1700C19F15 /* FirstTimeLoginViewController.swift in Sources */,
				CD2D9CBC25DF602900EA47DD /* ViewController.swift in Sources */,
				CD745D4C25ECC57E002FC3D8 /* User.swift in Sources */,
				CDE268F925F5CCF500C99E73 /* AboutMenteeViewController.swift in Sources */,
				20CBE01E25E7933400E03DD2 /* ProfilePageViewController.swift in Sources */,
				CD2D9CB825DF602900EA47DD /* AppDelegate.swift in Sources */,
				CD2D9CBA25DF602900EA47DD /* SceneDelegate.swift in Sources */,
				204F4B0425EA572200366312 /* SettingsViewController.swift in Sources */,
				1A8524E925E627B400CBE9B9 /* LinkedInProfileModel.swift in Sources */,
				1A8524F325E6292C00CBE9B9 /* Constants.swift in Sources */,
			);
			runOnlyForDeploymentPostprocessing = 0;
		};
		CD2D9CC625DF602B00EA47DD /* Sources */ = {
			isa = PBXSourcesBuildPhase;
			buildActionMask = 2147483647;
			files = (
				CD2D9CCF25DF602B00EA47DD /* ReferralPleaseTests.swift in Sources */,
			);
			runOnlyForDeploymentPostprocessing = 0;
		};
		CD2D9CD125DF602B00EA47DD /* Sources */ = {
			isa = PBXSourcesBuildPhase;
			buildActionMask = 2147483647;
			files = (
				CD2D9CDA25DF602C00EA47DD /* ReferralPleaseUITests.swift in Sources */,
			);
			runOnlyForDeploymentPostprocessing = 0;
		};
/* End PBXSourcesBuildPhase section */

/* Begin PBXTargetDependency section */
		CD2D9CCC25DF602B00EA47DD /* PBXTargetDependency */ = {
			isa = PBXTargetDependency;
			target = CD2D9CB325DF602900EA47DD /* ReferralPlease */;
			targetProxy = CD2D9CCB25DF602B00EA47DD /* PBXContainerItemProxy */;
		};
		CD2D9CD725DF602C00EA47DD /* PBXTargetDependency */ = {
			isa = PBXTargetDependency;
			target = CD2D9CB325DF602900EA47DD /* ReferralPlease */;
			targetProxy = CD2D9CD625DF602C00EA47DD /* PBXContainerItemProxy */;
		};
/* End PBXTargetDependency section */

/* Begin PBXVariantGroup section */
		CD2D9CBD25DF602900EA47DD /* Main.storyboard */ = {
			isa = PBXVariantGroup;
			children = (
				CD2D9CBE25DF602900EA47DD /* Base */,
			);
			name = Main.storyboard;
			sourceTree = "<group>";
		};
		CD2D9CC225DF602B00EA47DD /* LaunchScreen.storyboard */ = {
			isa = PBXVariantGroup;
			children = (
				CD2D9CC325DF602B00EA47DD /* Base */,
			);
			name = LaunchScreen.storyboard;
			sourceTree = "<group>";
		};
/* End PBXVariantGroup section */

/* Begin XCBuildConfiguration section */
		CD2D9CDC25DF602C00EA47DD /* Debug */ = {
			isa = XCBuildConfiguration;
			buildSettings = {
				ALWAYS_SEARCH_USER_PATHS = NO;
				CLANG_ANALYZER_NONNULL = YES;
				CLANG_ANALYZER_NUMBER_OBJECT_CONVERSION = YES_AGGRESSIVE;
				CLANG_CXX_LANGUAGE_STANDARD = "gnu++14";
				CLANG_CXX_LIBRARY = "libc++";
				CLANG_ENABLE_MODULES = YES;
				CLANG_ENABLE_OBJC_ARC = YES;
				CLANG_ENABLE_OBJC_WEAK = YES;
				CLANG_WARN_BLOCK_CAPTURE_AUTORELEASING = YES;
				CLANG_WARN_BOOL_CONVERSION = YES;
				CLANG_WARN_COMMA = YES;
				CLANG_WARN_CONSTANT_CONVERSION = YES;
				CLANG_WARN_DEPRECATED_OBJC_IMPLEMENTATIONS = YES;
				CLANG_WARN_DIRECT_OBJC_ISA_USAGE = YES_ERROR;
				CLANG_WARN_DOCUMENTATION_COMMENTS = YES;
				CLANG_WARN_EMPTY_BODY = YES;
				CLANG_WARN_ENUM_CONVERSION = YES;
				CLANG_WARN_INFINITE_RECURSION = YES;
				CLANG_WARN_INT_CONVERSION = YES;
				CLANG_WARN_NON_LITERAL_NULL_CONVERSION = YES;
				CLANG_WARN_OBJC_IMPLICIT_RETAIN_SELF = YES;
				CLANG_WARN_OBJC_LITERAL_CONVERSION = YES;
				CLANG_WARN_OBJC_ROOT_CLASS = YES_ERROR;
				CLANG_WARN_QUOTED_INCLUDE_IN_FRAMEWORK_HEADER = YES;
				CLANG_WARN_RANGE_LOOP_ANALYSIS = YES;
				CLANG_WARN_STRICT_PROTOTYPES = YES;
				CLANG_WARN_SUSPICIOUS_MOVE = YES;
				CLANG_WARN_UNGUARDED_AVAILABILITY = YES_AGGRESSIVE;
				CLANG_WARN_UNREACHABLE_CODE = YES;
				CLANG_WARN__DUPLICATE_METHOD_MATCH = YES;
				COPY_PHASE_STRIP = NO;
				DEBUG_INFORMATION_FORMAT = dwarf;
				ENABLE_STRICT_OBJC_MSGSEND = YES;
				ENABLE_TESTABILITY = YES;
				GCC_C_LANGUAGE_STANDARD = gnu11;
				GCC_DYNAMIC_NO_PIC = NO;
				GCC_NO_COMMON_BLOCKS = YES;
				GCC_OPTIMIZATION_LEVEL = 0;
				GCC_PREPROCESSOR_DEFINITIONS = (
					"DEBUG=1",
					"$(inherited)",
				);
				GCC_WARN_64_TO_32_BIT_CONVERSION = YES;
				GCC_WARN_ABOUT_RETURN_TYPE = YES_ERROR;
				GCC_WARN_UNDECLARED_SELECTOR = YES;
				GCC_WARN_UNINITIALIZED_AUTOS = YES_AGGRESSIVE;
				GCC_WARN_UNUSED_FUNCTION = YES;
				GCC_WARN_UNUSED_VARIABLE = YES;
				IPHONEOS_DEPLOYMENT_TARGET = 14.3;
				MTL_ENABLE_DEBUG_INFO = INCLUDE_SOURCE;
				MTL_FAST_MATH = YES;
				ONLY_ACTIVE_ARCH = YES;
				SDKROOT = iphoneos;
				SWIFT_ACTIVE_COMPILATION_CONDITIONS = DEBUG;
				SWIFT_OPTIMIZATION_LEVEL = "-Onone";
			};
			name = Debug;
		};
		CD2D9CDD25DF602C00EA47DD /* Release */ = {
			isa = XCBuildConfiguration;
			buildSettings = {
				ALWAYS_SEARCH_USER_PATHS = NO;
				CLANG_ANALYZER_NONNULL = YES;
				CLANG_ANALYZER_NUMBER_OBJECT_CONVERSION = YES_AGGRESSIVE;
				CLANG_CXX_LANGUAGE_STANDARD = "gnu++14";
				CLANG_CXX_LIBRARY = "libc++";
				CLANG_ENABLE_MODULES = YES;
				CLANG_ENABLE_OBJC_ARC = YES;
				CLANG_ENABLE_OBJC_WEAK = YES;
				CLANG_WARN_BLOCK_CAPTURE_AUTORELEASING = YES;
				CLANG_WARN_BOOL_CONVERSION = YES;
				CLANG_WARN_COMMA = YES;
				CLANG_WARN_CONSTANT_CONVERSION = YES;
				CLANG_WARN_DEPRECATED_OBJC_IMPLEMENTATIONS = YES;
				CLANG_WARN_DIRECT_OBJC_ISA_USAGE = YES_ERROR;
				CLANG_WARN_DOCUMENTATION_COMMENTS = YES;
				CLANG_WARN_EMPTY_BODY = YES;
				CLANG_WARN_ENUM_CONVERSION = YES;
				CLANG_WARN_INFINITE_RECURSION = YES;
				CLANG_WARN_INT_CONVERSION = YES;
				CLANG_WARN_NON_LITERAL_NULL_CONVERSION = YES;
				CLANG_WARN_OBJC_IMPLICIT_RETAIN_SELF = YES;
				CLANG_WARN_OBJC_LITERAL_CONVERSION = YES;
				CLANG_WARN_OBJC_ROOT_CLASS = YES_ERROR;
				CLANG_WARN_QUOTED_INCLUDE_IN_FRAMEWORK_HEADER = YES;
				CLANG_WARN_RANGE_LOOP_ANALYSIS = YES;
				CLANG_WARN_STRICT_PROTOTYPES = YES;
				CLANG_WARN_SUSPICIOUS_MOVE = YES;
				CLANG_WARN_UNGUARDED_AVAILABILITY = YES_AGGRESSIVE;
				CLANG_WARN_UNREACHABLE_CODE = YES;
				CLANG_WARN__DUPLICATE_METHOD_MATCH = YES;
				COPY_PHASE_STRIP = NO;
				DEBUG_INFORMATION_FORMAT = "dwarf-with-dsym";
				ENABLE_NS_ASSERTIONS = NO;
				ENABLE_STRICT_OBJC_MSGSEND = YES;
				GCC_C_LANGUAGE_STANDARD = gnu11;
				GCC_NO_COMMON_BLOCKS = YES;
				GCC_WARN_64_TO_32_BIT_CONVERSION = YES;
				GCC_WARN_ABOUT_RETURN_TYPE = YES_ERROR;
				GCC_WARN_UNDECLARED_SELECTOR = YES;
				GCC_WARN_UNINITIALIZED_AUTOS = YES_AGGRESSIVE;
				GCC_WARN_UNUSED_FUNCTION = YES;
				GCC_WARN_UNUSED_VARIABLE = YES;
				IPHONEOS_DEPLOYMENT_TARGET = 14.3;
				MTL_ENABLE_DEBUG_INFO = NO;
				MTL_FAST_MATH = YES;
				SDKROOT = iphoneos;
				SWIFT_COMPILATION_MODE = wholemodule;
				SWIFT_OPTIMIZATION_LEVEL = "-O";
				VALIDATE_PRODUCT = YES;
			};
			name = Release;
		};
		CD2D9CDF25DF602C00EA47DD /* Debug */ = {
			isa = XCBuildConfiguration;
			baseConfigurationReference = 0765BA301717989221C5250C /* Pods-ReferralPlease.debug.xcconfig */;
			buildSettings = {
				ASSETCATALOG_COMPILER_APPICON_NAME = AppIcon;
				ASSETCATALOG_COMPILER_GLOBAL_ACCENT_COLOR_NAME = AccentColor;
				CODE_SIGN_STYLE = Automatic;
				DEVELOPMENT_TEAM = 4DPLN3M358;
				"EXCLUDED_ARCHS[sdk=*]" = arm64;
				INFOPLIST_FILE = ReferralPlease/Info.plist;
				LD_RUNPATH_SEARCH_PATHS = (
					"$(inherited)",
					"@executable_path/Frameworks",
				);
				PRODUCT_BUNDLE_IDENTIFIER = edu.ucdavis.ecs189e.ReferralPlease;
				PRODUCT_NAME = "$(TARGET_NAME)";
				SWIFT_VERSION = 5.0;
				TARGETED_DEVICE_FAMILY = 1;
			};
			name = Debug;
		};
		CD2D9CE025DF602C00EA47DD /* Release */ = {
			isa = XCBuildConfiguration;
			baseConfigurationReference = BC5AD4AAF0AB755BF8B2EA77 /* Pods-ReferralPlease.release.xcconfig */;
			buildSettings = {
				ASSETCATALOG_COMPILER_APPICON_NAME = AppIcon;
				ASSETCATALOG_COMPILER_GLOBAL_ACCENT_COLOR_NAME = AccentColor;
				CODE_SIGN_STYLE = Automatic;
				DEVELOPMENT_TEAM = 4DPLN3M358;
				INFOPLIST_FILE = ReferralPlease/Info.plist;
				LD_RUNPATH_SEARCH_PATHS = (
					"$(inherited)",
					"@executable_path/Frameworks",
				);
				PRODUCT_BUNDLE_IDENTIFIER = edu.ucdavis.ecs189e.ReferralPlease;
				PRODUCT_NAME = "$(TARGET_NAME)";
				SWIFT_VERSION = 5.0;
				TARGETED_DEVICE_FAMILY = 1;
			};
			name = Release;
		};
		CD2D9CE225DF602C00EA47DD /* Debug */ = {
			isa = XCBuildConfiguration;
			baseConfigurationReference = 9E7FFD24501C1769A8B559B7 /* Pods-ReferralPleaseTests.debug.xcconfig */;
			buildSettings = {
				ALWAYS_EMBED_SWIFT_STANDARD_LIBRARIES = YES;
				BUNDLE_LOADER = "$(TEST_HOST)";
				CODE_SIGN_STYLE = Automatic;
				INFOPLIST_FILE = ReferralPleaseTests/Info.plist;
				IPHONEOS_DEPLOYMENT_TARGET = 14.3;
				LD_RUNPATH_SEARCH_PATHS = (
					"$(inherited)",
					"@executable_path/Frameworks",
					"@loader_path/Frameworks",
				);
				PRODUCT_BUNDLE_IDENTIFIER = edu.ucdavis.ecs189e.ReferralPleaseTests;
				PRODUCT_NAME = "$(TARGET_NAME)";
				SWIFT_VERSION = 5.0;
				TARGETED_DEVICE_FAMILY = "1,2";
				TEST_HOST = "$(BUILT_PRODUCTS_DIR)/ReferralPlease.app/ReferralPlease";
			};
			name = Debug;
		};
		CD2D9CE325DF602C00EA47DD /* Release */ = {
			isa = XCBuildConfiguration;
			baseConfigurationReference = A70AFC13D4B37CE6D9D0A24D /* Pods-ReferralPleaseTests.release.xcconfig */;
			buildSettings = {
				ALWAYS_EMBED_SWIFT_STANDARD_LIBRARIES = YES;
				BUNDLE_LOADER = "$(TEST_HOST)";
				CODE_SIGN_STYLE = Automatic;
				INFOPLIST_FILE = ReferralPleaseTests/Info.plist;
				IPHONEOS_DEPLOYMENT_TARGET = 14.3;
				LD_RUNPATH_SEARCH_PATHS = (
					"$(inherited)",
					"@executable_path/Frameworks",
					"@loader_path/Frameworks",
				);
				PRODUCT_BUNDLE_IDENTIFIER = edu.ucdavis.ecs189e.ReferralPleaseTests;
				PRODUCT_NAME = "$(TARGET_NAME)";
				SWIFT_VERSION = 5.0;
				TARGETED_DEVICE_FAMILY = "1,2";
				TEST_HOST = "$(BUILT_PRODUCTS_DIR)/ReferralPlease.app/ReferralPlease";
			};
			name = Release;
		};
		CD2D9CE525DF602C00EA47DD /* Debug */ = {
			isa = XCBuildConfiguration;
			baseConfigurationReference = 2C498E71FBAF3F4D5FB46C9D /* Pods-ReferralPlease-ReferralPleaseUITests.debug.xcconfig */;
			buildSettings = {
				ALWAYS_EMBED_SWIFT_STANDARD_LIBRARIES = YES;
				CODE_SIGN_STYLE = Automatic;
				INFOPLIST_FILE = ReferralPleaseUITests/Info.plist;
				LD_RUNPATH_SEARCH_PATHS = (
					"$(inherited)",
					"@executable_path/Frameworks",
					"@loader_path/Frameworks",
				);
				PRODUCT_BUNDLE_IDENTIFIER = edu.ucdavis.ecs189e.ReferralPleaseUITests;
				PRODUCT_NAME = "$(TARGET_NAME)";
				SWIFT_VERSION = 5.0;
				TARGETED_DEVICE_FAMILY = "1,2";
				TEST_TARGET_NAME = ReferralPlease;
			};
			name = Debug;
		};
		CD2D9CE625DF602C00EA47DD /* Release */ = {
			isa = XCBuildConfiguration;
			baseConfigurationReference = F456E76FDA5115B7E2A6B105 /* Pods-ReferralPlease-ReferralPleaseUITests.release.xcconfig */;
			buildSettings = {
				ALWAYS_EMBED_SWIFT_STANDARD_LIBRARIES = YES;
				CODE_SIGN_STYLE = Automatic;
				INFOPLIST_FILE = ReferralPleaseUITests/Info.plist;
				LD_RUNPATH_SEARCH_PATHS = (
					"$(inherited)",
					"@executable_path/Frameworks",
					"@loader_path/Frameworks",
				);
				PRODUCT_BUNDLE_IDENTIFIER = edu.ucdavis.ecs189e.ReferralPleaseUITests;
				PRODUCT_NAME = "$(TARGET_NAME)";
				SWIFT_VERSION = 5.0;
				TARGETED_DEVICE_FAMILY = "1,2";
				TEST_TARGET_NAME = ReferralPlease;
			};
			name = Release;
		};
/* End XCBuildConfiguration section */

/* Begin XCConfigurationList section */
		CD2D9CAF25DF602900EA47DD /* Build configuration list for PBXProject "ReferralPlease" */ = {
			isa = XCConfigurationList;
			buildConfigurations = (
				CD2D9CDC25DF602C00EA47DD /* Debug */,
				CD2D9CDD25DF602C00EA47DD /* Release */,
			);
			defaultConfigurationIsVisible = 0;
			defaultConfigurationName = Release;
		};
		CD2D9CDE25DF602C00EA47DD /* Build configuration list for PBXNativeTarget "ReferralPlease" */ = {
			isa = XCConfigurationList;
			buildConfigurations = (
				CD2D9CDF25DF602C00EA47DD /* Debug */,
				CD2D9CE025DF602C00EA47DD /* Release */,
			);
			defaultConfigurationIsVisible = 0;
			defaultConfigurationName = Release;
		};
		CD2D9CE125DF602C00EA47DD /* Build configuration list for PBXNativeTarget "ReferralPleaseTests" */ = {
			isa = XCConfigurationList;
			buildConfigurations = (
				CD2D9CE225DF602C00EA47DD /* Debug */,
				CD2D9CE325DF602C00EA47DD /* Release */,
			);
			defaultConfigurationIsVisible = 0;
			defaultConfigurationName = Release;
		};
		CD2D9CE425DF602C00EA47DD /* Build configuration list for PBXNativeTarget "ReferralPleaseUITests" */ = {
			isa = XCConfigurationList;
			buildConfigurations = (
				CD2D9CE525DF602C00EA47DD /* Debug */,
				CD2D9CE625DF602C00EA47DD /* Release */,
			);
			defaultConfigurationIsVisible = 0;
			defaultConfigurationName = Release;
		};
/* End XCConfigurationList section */
	};
	rootObject = CD2D9CAC25DF602900EA47DD /* Project object */;
}
